
Microsoft Visual Studio Solution File, Format Version 12.00
# Visual Studio Version 16
VisualStudioVersion = 16.0.31729.503
MinimumVisualStudioVersion = 10.0.40219.1
Project("{FAE04EC0-301F-11D3-BF4B-00C04F79EFBC}") = "Microsoft.Pfe.Xrm.Core v9.2", "Microsoft.Pfe.Xrm.Core v9.2.csproj", "{98353AD8-4872-4145-A4A1-6859370DCBAD}"
EndProject
Global
	GlobalSection(SolutionConfigurationPlatforms) = preSolution
		Debug|Any CPU = Debug|Any CPU
		Release|Any CPU = Release|Any CPU
	EndGlobalSection
	GlobalSection(ProjectConfigurationPlatforms) = postSolution
		{98353AD8-4872-4145-A4A1-6859370DCBAD}.Debug|Any CPU.ActiveCfg = Debug|Any CPU
		{98353AD8-4872-4145-A4A1-6859370DCBAD}.Debug|Any CPU.Build.0 = Debug|Any CPU
		{98353AD8-4872-4145-A4A1-6859370DCBAD}.Release|Any CPU.ActiveCfg = Release|Any CPU
		{98353AD8-4872-4145-A4A1-6859370DCBAD}.Release|Any CPU.Build.0 = Release|Any CPU
	EndGlobalSection
	GlobalSection(SolutionProperties) = preSolution
		HideSolutionNode = FALSE
	EndGlobalSection
	GlobalSection(ExtensibilityGlobals) = postSolution
		SolutionGuid = {021A75D3-CC19-4EE3-8FB4-6784BA343343}
	EndGlobalSection
EndGlobal
