
Microsoft Visual Studio Solution File, Format Version 12.00
# Visual Studio Version 16
VisualStudioVersion = 16.0.29021.104
MinimumVisualStudioVersion = 10.0.40219.1
Project("{9A19103F-16F7-4668-BE54-9A1E7A4F7556}") = "Microsoft.Pfe.Xrm.Core v9", "Microsoft.Pfe.Xrm.Core v9.csproj", "{72B8EA13-D4CE-467C-B7A4-D5ABFD593AEA}"
EndProject
Global
	GlobalSection(SolutionConfigurationPlatforms) = preSolution
		Debug|Any CPU = Debug|Any CPU
		Release|Any CPU = Release|Any CPU
	EndGlobalSection
	GlobalSection(ProjectConfigurationPlatforms) = postSolution
		{72B8EA13-D4CE-467C-B7A4-D5ABFD593AEA}.Debug|Any CPU.ActiveCfg = Debug|Any CPU
		{72B8EA13-D4CE-467C-B7A4-D5ABFD593AEA}.Debug|Any CPU.Build.0 = Debug|Any CPU
		{72B8EA13-D4CE-467C-B7A4-D5ABFD593AEA}.Release|Any CPU.ActiveCfg = Release|Any CPU
		{72B8EA13-D4CE-467C-B7A4-D5ABFD593AEA}.Release|Any CPU.Build.0 = Release|Any CPU
	EndGlobalSection
	GlobalSection(SolutionProperties) = preSolution
		HideSolutionNode = FALSE
	EndGlobalSection
	GlobalSection(ExtensibilityGlobals) = postSolution
		SolutionGuid = {B15932A3-4EA5-405B-842B-CDE094C70049}
	EndGlobalSection
EndGlobal
