
Microsoft Visual Studio Solution File, Format Version 12.00
# Visual Studio 2013
VisualStudioVersion = 12.0.30501.0
MinimumVisualStudioVersion = 10.0.40219.1
Project("{FAE04EC0-301F-11D3-BF4B-00C04F79EFBC}") = "Microsoft.Pfe.Xrm.Core.Samples", "Microsoft.Pfe.Xrm.Core.Samples.csproj", "{A61CC7D8-B4F4-4E51-9A99-13FB4081A95F}"
EndProject
Global
	GlobalSection(TeamFoundationVersionControl) = preSolution
		SccNumberOfProjects = 2
		SccEnterpriseProvider = {4CA58AB2-18FA-4F8D-95D4-32DDF27D184C}
		SccTeamFoundationServer = https://tfs.codeplex.com/tfs/tfs29
		SccLocalPath0 = .
		SccProjectUniqueName1 = Microsoft.Pfe.Xrm.Core.Samples.csproj
		SccLocalPath1 = .
	EndGlobalSection
	GlobalSection(SolutionConfigurationPlatforms) = preSolution
		Debug|Any CPU = Debug|Any CPU
		Release|Any CPU = Release|Any CPU
	EndGlobalSection
	GlobalSection(ProjectConfigurationPlatforms) = postSolution
		{A61CC7D8-B4F4-4E51-9A99-13FB4081A95F}.Debug|Any CPU.ActiveCfg = Debug|Any CPU
		{A61CC7D8-B4F4-4E51-9A99-13FB4081A95F}.Debug|Any CPU.Build.0 = Debug|Any CPU
		{A61CC7D8-B4F4-4E51-9A99-13FB4081A95F}.Release|Any CPU.ActiveCfg = Release|Any CPU
		{A61CC7D8-B4F4-4E51-9A99-13FB4081A95F}.Release|Any CPU.Build.0 = Release|Any CPU
	EndGlobalSection
	GlobalSection(SolutionProperties) = preSolution
		HideSolutionNode = FALSE
	EndGlobalSection
EndGlobal
